
Microsoft Visual Studio Solution File, Format Version 12.00
# Visual Studio Version 16
VisualStudioVersion = 16.0.29020.237
MinimumVisualStudioVersion = 10.0.40219.1
Project("{FAE04EC0-301F-11D3-BF4B-00C04F79EFBC}") = "ConcurrencyTrainingWinForms", "ConcurrencyTrainingWinForms\ConcurrencyTrainingWinForms.csproj", "{3C111EF5-B3B6-4C71-B1EF-B287EB68115D}"
EndProject
Global
	GlobalSection(SolutionConfigurationPlatforms) = preSolution
		Debug|Any CPU = Debug|Any CPU
		Release|Any CPU = Release|Any CPU
	EndGlobalSection
	GlobalSection(ProjectConfigurationPlatforms) = postSolution
		{3C111EF5-B3B6-4C71-B1EF-B287EB68115D}.Debug|Any CPU.ActiveCfg = Debug|Any CPU
		{3C111EF5-B3B6-4C71-B1EF-B287EB68115D}.Debug|Any CPU.Build.0 = Debug|Any CPU
		{3C111EF5-B3B6-4C71-B1EF-B287EB68115D}.Release|Any CPU.ActiveCfg = Release|Any CPU
		{3C111EF5-B3B6-4C71-B1EF-B287EB68115D}.Release|Any CPU.Build.0 = Release|Any CPU
	EndGlobalSection
	GlobalSection(SolutionProperties) = preSolution
		HideSolutionNode = FALSE
	EndGlobalSection
	GlobalSection(ExtensibilityGlobals) = postSolution
		SolutionGuid = {F63112E1-8CFD-4048-B8A4-B875C942BFFC}
	EndGlobalSection
EndGlobal
